// !$*UTF8*$!
{
	archiveVersion = 1;
	classes = {
	};
	objectVersion = 55;
	objects = {

/* Begin PBXBuildFile section */
		0229C50528AB7C920093990E /* UICollectionReusableView + identifier.swift in Sources */ = {isa = PBXBuildFile; fileRef = 0229C50428AB7C920093990E /* UICollectionReusableView + identifier.swift */; };
		0229C50728AB9A100093990E /* CompositionalLayoutFactory.swift in Sources */ = {isa = PBXBuildFile; fileRef = 0229C50628AB9A100093990E /* CompositionalLayoutFactory.swift */; };
		022B7838289C05C2009003EA /* RxDataSources in Frameworks */ = {isa = PBXBuildFile; productRef = 022B7837289C05C2009003EA /* RxDataSources */; };
		0232BD8E28ACC5DB009057F8 /* UIView + roundCorners.swift in Sources */ = {isa = PBXBuildFile; fileRef = 0232BD8D28ACC5DB009057F8 /* UIView + roundCorners.swift */; };
		0232BD9228AE1134009057F8 /* ColorPickerViewController.swift in Sources */ = {isa = PBXBuildFile; fileRef = 0232BD9128AE1134009057F8 /* ColorPickerViewController.swift */; };
		0232BD9528AE11DD009057F8 /* ColorPickerViewModel.swift in Sources */ = {isa = PBXBuildFile; fileRef = 0232BD9428AE11DD009057F8 /* ColorPickerViewModel.swift */; };
		0232BD9728AE5C3D009057F8 /* UIColor + Initializer.swift in Sources */ = {isa = PBXBuildFile; fileRef = 0232BD9628AE5C3D009057F8 /* UIColor + Initializer.swift */; };
		0232BD9928AF6B25009057F8 /* Photo.swift in Sources */ = {isa = PBXBuildFile; fileRef = 0232BD9828AF6B25009057F8 /* Photo.swift */; };
		02520987289A5A2400E7E604 /* AlbumViewController.swift in Sources */ = {isa = PBXBuildFile; fileRef = 02520986289A5A2400E7E604 /* AlbumViewController.swift */; };
		02520989289A5C1D00E7E604 /* AlbumCell.swift in Sources */ = {isa = PBXBuildFile; fileRef = 02520988289A5C1D00E7E604 /* AlbumCell.swift */; };
		0252098F289A661E00E7E604 /* AlbumHeaderView.swift in Sources */ = {isa = PBXBuildFile; fileRef = 0252098E289A661E00E7E604 /* AlbumHeaderView.swift */; };
		025CA12628A631C0007AAADE /* AlbumRepository.swift in Sources */ = {isa = PBXBuildFile; fileRef = 025CA12528A631C0007AAADE /* AlbumRepository.swift */; };
		02972D5D28B61E76008C097D /* Persistable.swift in Sources */ = {isa = PBXBuildFile; fileRef = 02972D5C28B61E76008C097D /* Persistable.swift */; };
		02972D5F28B74343008C097D /* PhotoEntity.swift in Sources */ = {isa = PBXBuildFile; fileRef = 02972D5E28B74342008C097D /* PhotoEntity.swift */; };
		02A093C828B8A52B00BDF69B /* CategoryEntity.swift in Sources */ = {isa = PBXBuildFile; fileRef = 02A093C728B8A52B00BDF69B /* CategoryEntity.swift */; };
		02A093CA28B8A67800BDF69B /* GoalEntity.swift in Sources */ = {isa = PBXBuildFile; fileRef = 02A093C928B8A67800BDF69B /* GoalEntity.swift */; };
		02B7FD26289A1E3400EBA86D /* SnapKit in Frameworks */ = {isa = PBXBuildFile; productRef = 02B7FD25289A1E3400EBA86D /* SnapKit */; };
		02B7FD29289A1EC300EBA86D /* RealmSwift in Frameworks */ = {isa = PBXBuildFile; productRef = 02B7FD28289A1EC300EBA86D /* RealmSwift */; };
		02B7FD2C289A1EEC00EBA86D /* RxCocoa in Frameworks */ = {isa = PBXBuildFile; productRef = 02B7FD2B289A1EEC00EBA86D /* RxCocoa */; };
		02B7FD2E289A1EEC00EBA86D /* RxSwift in Frameworks */ = {isa = PBXBuildFile; productRef = 02B7FD2D289A1EEC00EBA86D /* RxSwift */; };
		02B916DB28B89ADF0086F29E /* RealmResults + toArray.swift in Sources */ = {isa = PBXBuildFile; fileRef = 02B916DA28B89ADF0086F29E /* RealmResults + toArray.swift */; };
		02C9713528AF82390087B8D2 /* UIImage + Utils.swift in Sources */ = {isa = PBXBuildFile; fileRef = 02C9713428AF82390087B8D2 /* UIImage + Utils.swift */; };
		02C9713728B356200087B8D2 /* PresetColorCell.swift in Sources */ = {isa = PBXBuildFile; fileRef = 02C9713628B356200087B8D2 /* PresetColorCell.swift */; };
		02DB2F8428AC8D7E005938CB /* PhotoEditViewController.swift in Sources */ = {isa = PBXBuildFile; fileRef = 02DB2F8328AC8D7E005938CB /* PhotoEditViewController.swift */; };
		02DB2F8728AC9115005938CB /* PhotoEditViewModel.swift in Sources */ = {isa = PBXBuildFile; fileRef = 02DB2F8628AC9115005938CB /* PhotoEditViewModel.swift */; };
		02F37251289CE21400F361C7 /* Album.swift in Sources */ = {isa = PBXBuildFile; fileRef = 02F37250289CE21400F361C7 /* Album.swift */; };
		02F37254289E1EA200F361C7 /* PaddingLabel.swift in Sources */ = {isa = PBXBuildFile; fileRef = 02F37253289E1EA200F361C7 /* PaddingLabel.swift */; };
		02F37257289E9C7E00F361C7 /* AlbumViewModel.swift in Sources */ = {isa = PBXBuildFile; fileRef = 02F37256289E9C7E00F361C7 /* AlbumViewModel.swift */; };
		B536FA0628A929D800178786 /* GoalListRepository.swift in Sources */ = {isa = PBXBuildFile; fileRef = B536FA0528A929D800178786 /* GoalListRepository.swift */; };
		B563D9BE28BA5A3C00A755EB /* Period.swift in Sources */ = {isa = PBXBuildFile; fileRef = B563D9BD28BA5A3C00A755EB /* Period.swift */; };
		B563D9C028BA5A8F00A755EB /* PeriodSelectViewController.swift in Sources */ = {isa = PBXBuildFile; fileRef = B563D9BF28BA5A8F00A755EB /* PeriodSelectViewController.swift */; };
		B563D9C228BA5C9B00A755EB /* PeriodSelectViewModel.swift in Sources */ = {isa = PBXBuildFile; fileRef = B563D9C128BA5C9B00A755EB /* PeriodSelectViewModel.swift */; };
		B569E9F22898D4A8006FFFB9 /* AppDelegate.swift in Sources */ = {isa = PBXBuildFile; fileRef = B569E9F12898D4A8006FFFB9 /* AppDelegate.swift */; };
		B569E9F42898D4A8006FFFB9 /* SceneDelegate.swift in Sources */ = {isa = PBXBuildFile; fileRef = B569E9F32898D4A8006FFFB9 /* SceneDelegate.swift */; };
		B569E9FB2898D4AA006FFFB9 /* Assets.xcassets in Resources */ = {isa = PBXBuildFile; fileRef = B569E9FA2898D4AA006FFFB9 /* Assets.xcassets */; };
		B569E9FE2898D4AA006FFFB9 /* LaunchScreen.storyboard in Resources */ = {isa = PBXBuildFile; fileRef = B569E9FC2898D4AA006FFFB9 /* LaunchScreen.storyboard */; };
		B569EA092898D4AB006FFFB9 /* rabitTests.swift in Sources */ = {isa = PBXBuildFile; fileRef = B569EA082898D4AB006FFFB9 /* rabitTests.swift */; };
		B569EA132898D4AB006FFFB9 /* rabitUITests.swift in Sources */ = {isa = PBXBuildFile; fileRef = B569EA122898D4AB006FFFB9 /* rabitUITests.swift */; };
		B569EA152898D4AB006FFFB9 /* rabitUITestsLaunchTests.swift in Sources */ = {isa = PBXBuildFile; fileRef = B569EA142898D4AB006FFFB9 /* rabitUITestsLaunchTests.swift */; };
		B56AF75028C59E18001C82C0 /* RangeSlider.swift in Sources */ = {isa = PBXBuildFile; fileRef = B56AF74F28C59E18001C82C0 /* RangeSlider.swift */; };
		B56AF75228C6528B001C82C0 /* RangeSlider + Reactive.swift in Sources */ = {isa = PBXBuildFile; fileRef = B56AF75128C6528B001C82C0 /* RangeSlider + Reactive.swift */; };
		B57D75F428B3E76300C11405 /* UIView + shadow.swift in Sources */ = {isa = PBXBuildFile; fileRef = B57D75F328B3E76300C11405 /* UIView + shadow.swift */; };
		B57D75F928B5319D00C11405 /* RxGesture in Frameworks */ = {isa = PBXBuildFile; productRef = B57D75F828B5319D00C11405 /* RxGesture */; };
		B582573C28BDF6F2001AE268 /* DateComponent.swift in Sources */ = {isa = PBXBuildFile; fileRef = B582573B28BDF6F2001AE268 /* DateComponent.swift */; };
		B582573E28BDF718001AE268 /* Date + toDateComponent, toTimeComponent.swift in Sources */ = {isa = PBXBuildFile; fileRef = B582573D28BDF718001AE268 /* Date + toDateComponent, toTimeComponent.swift */; };
		B582574228BDFCBC001AE268 /* TimeSelectViewController.swift in Sources */ = {isa = PBXBuildFile; fileRef = B582574128BDFCBC001AE268 /* TimeSelectViewController.swift */; };
		B582574428BDFCE7001AE268 /* TimeSelectViewModel.swift in Sources */ = {isa = PBXBuildFile; fileRef = B582574328BDFCE7001AE268 /* TimeSelectViewModel.swift */; };
		B582574628BF3323001AE268 /* CertifiableTime.swift in Sources */ = {isa = PBXBuildFile; fileRef = B582574528BF3323001AE268 /* CertifiableTime.swift */; };
		B582574828BF3330001AE268 /* TimeComponent.swift in Sources */ = {isa = PBXBuildFile; fileRef = B582574728BF3330001AE268 /* TimeComponent.swift */; };
		B58A1C2328B5F9AF00D5783F /* RealmManager.swift in Sources */ = {isa = PBXBuildFile; fileRef = B58A1C2228B5F9AF00D5783F /* RealmManager.swift */; };
		B58A1C2528B74E1E00D5783F /* CategoryAddRepository.swift in Sources */ = {isa = PBXBuildFile; fileRef = B58A1C2428B74E1E00D5783F /* CategoryAddRepository.swift */; };
		B58EF87728B8BABC0075B295 /* BottomSheet.swift in Sources */ = {isa = PBXBuildFile; fileRef = B58EF87628B8BABC0075B295 /* BottomSheet.swift */; };
		B59BB3C728A82E2D007C5013 /* CategoryAddViewController.swift in Sources */ = {isa = PBXBuildFile; fileRef = B59BB3C628A82E2D007C5013 /* CategoryAddViewController.swift */; };
		B59BB3C928A8354B007C5013 /* CategoryAddViewModel.swift in Sources */ = {isa = PBXBuildFile; fileRef = B59BB3C828A8354B007C5013 /* CategoryAddViewModel.swift */; };
		B5B9413C28AF6DE60098022F /* GoalAddViewController.swift in Sources */ = {isa = PBXBuildFile; fileRef = B5B9413B28AF6DE60098022F /* GoalAddViewController.swift */; };
		B5B9413F28AF6F280098022F /* InsertField.swift in Sources */ = {isa = PBXBuildFile; fileRef = B5B9413E28AF6F280098022F /* InsertField.swift */; };
		B5B9414128AF7D5C0098022F /* GoalAddViewModel.swift in Sources */ = {isa = PBXBuildFile; fileRef = B5B9414028AF7D5C0098022F /* GoalAddViewModel.swift */; };
		B5D131CE289A04F200EE1833 /* Coordinator.swift in Sources */ = {isa = PBXBuildFile; fileRef = B5D131CD289A04F200EE1833 /* Coordinator.swift */; };
		B5D131D0289A065200EE1833 /* AppCoordinator.swift in Sources */ = {isa = PBXBuildFile; fileRef = B5D131CF289A065200EE1833 /* AppCoordinator.swift */; };
		B5D131D2289A087000EE1833 /* MainCoordinator.swift in Sources */ = {isa = PBXBuildFile; fileRef = B5D131D1289A087000EE1833 /* MainCoordinator.swift */; };
		B5D131D6289A0D6B00EE1833 /* GoalCoordinator.swift in Sources */ = {isa = PBXBuildFile; fileRef = B5D131D5289A0D6B00EE1833 /* GoalCoordinator.swift */; };
		B5D131D8289A0D7300EE1833 /* AlbumCoordinator.swift in Sources */ = {isa = PBXBuildFile; fileRef = B5D131D7289A0D7300EE1833 /* AlbumCoordinator.swift */; };
		B5D131DB289C0E8D00EE1833 /* GoalListViewController.swift in Sources */ = {isa = PBXBuildFile; fileRef = B5D131DA289C0E8D00EE1833 /* GoalListViewController.swift */; };
		B5D131DF289C178A00EE1833 /* GoalListCollectionViewCell.swift in Sources */ = {isa = PBXBuildFile; fileRef = B5D131DE289C178A00EE1833 /* GoalListCollectionViewCell.swift */; };
		B5D131E2289C2A1B00EE1833 /* GoalProgressView.swift in Sources */ = {isa = PBXBuildFile; fileRef = B5D131E1289C2A1B00EE1833 /* GoalProgressView.swift */; };
		B5D131E4289C2CD300EE1833 /* GoalListViewModel.swift in Sources */ = {isa = PBXBuildFile; fileRef = B5D131E3289C2CD300EE1833 /* GoalListViewModel.swift */; };
		B5D131E6289C2CFB00EE1833 /* Goal.swift in Sources */ = {isa = PBXBuildFile; fileRef = B5D131E5289C2CFB00EE1833 /* Goal.swift */; };
		B5D131E8289C2D1100EE1833 /* Category.swift in Sources */ = {isa = PBXBuildFile; fileRef = B5D131E7289C2D1100EE1833 /* Category.swift */; };
		B5D34DB328C9B8DF00F04070 /* DaySelectCell.swift in Sources */ = {isa = PBXBuildFile; fileRef = B5D34DB228C9B8DF00F04070 /* DaySelectCell.swift */; };
		B5D34DB528CA07E200F04070 /* Days.swift in Sources */ = {isa = PBXBuildFile; fileRef = B5D34DB428CA07E200F04070 /* Days.swift */; };
		B5D7603128A37D630046B09C /* GoalListCollectionViewHeader.swift in Sources */ = {isa = PBXBuildFile; fileRef = B5D7603028A37D630046B09C /* GoalListCollectionViewHeader.swift */; };
/* End PBXBuildFile section */

/* Begin PBXContainerItemProxy section */
		B569EA052898D4AB006FFFB9 /* PBXContainerItemProxy */ = {
			isa = PBXContainerItemProxy;
			containerPortal = B569E9E62898D4A8006FFFB9 /* Project object */;
			proxyType = 1;
			remoteGlobalIDString = B569E9ED2898D4A8006FFFB9;
			remoteInfo = rabit;
		};
		B569EA0F2898D4AB006FFFB9 /* PBXContainerItemProxy */ = {
			isa = PBXContainerItemProxy;
			containerPortal = B569E9E62898D4A8006FFFB9 /* Project object */;
			proxyType = 1;
			remoteGlobalIDString = B569E9ED2898D4A8006FFFB9;
			remoteInfo = rabit;
		};
/* End PBXContainerItemProxy section */

/* Begin PBXFileReference section */
		0229C50428AB7C920093990E /* UICollectionReusableView + identifier.swift */ = {isa = PBXFileReference; lastKnownFileType = sourcecode.swift; path = "UICollectionReusableView + identifier.swift"; sourceTree = "<group>"; };
		0229C50628AB9A100093990E /* CompositionalLayoutFactory.swift */ = {isa = PBXFileReference; lastKnownFileType = sourcecode.swift; path = CompositionalLayoutFactory.swift; sourceTree = "<group>"; };
		0232BD8D28ACC5DB009057F8 /* UIView + roundCorners.swift */ = {isa = PBXFileReference; lastKnownFileType = sourcecode.swift; path = "UIView + roundCorners.swift"; sourceTree = "<group>"; };
		0232BD9128AE1134009057F8 /* ColorPickerViewController.swift */ = {isa = PBXFileReference; lastKnownFileType = sourcecode.swift; path = ColorPickerViewController.swift; sourceTree = "<group>"; };
		0232BD9428AE11DD009057F8 /* ColorPickerViewModel.swift */ = {isa = PBXFileReference; lastKnownFileType = sourcecode.swift; path = ColorPickerViewModel.swift; sourceTree = "<group>"; };
		0232BD9628AE5C3D009057F8 /* UIColor + Initializer.swift */ = {isa = PBXFileReference; lastKnownFileType = sourcecode.swift; path = "UIColor + Initializer.swift"; sourceTree = "<group>"; };
		0232BD9828AF6B25009057F8 /* Photo.swift */ = {isa = PBXFileReference; lastKnownFileType = sourcecode.swift; path = Photo.swift; sourceTree = "<group>"; };
		02520986289A5A2400E7E604 /* AlbumViewController.swift */ = {isa = PBXFileReference; lastKnownFileType = sourcecode.swift; path = AlbumViewController.swift; sourceTree = "<group>"; };
		02520988289A5C1D00E7E604 /* AlbumCell.swift */ = {isa = PBXFileReference; lastKnownFileType = sourcecode.swift; path = AlbumCell.swift; sourceTree = "<group>"; };
		0252098E289A661E00E7E604 /* AlbumHeaderView.swift */ = {isa = PBXFileReference; lastKnownFileType = sourcecode.swift; path = AlbumHeaderView.swift; sourceTree = "<group>"; };
		025CA12528A631C0007AAADE /* AlbumRepository.swift */ = {isa = PBXFileReference; lastKnownFileType = sourcecode.swift; path = AlbumRepository.swift; sourceTree = "<group>"; };
		02972D5C28B61E76008C097D /* Persistable.swift */ = {isa = PBXFileReference; lastKnownFileType = sourcecode.swift; path = Persistable.swift; sourceTree = "<group>"; };
		02972D5E28B74342008C097D /* PhotoEntity.swift */ = {isa = PBXFileReference; lastKnownFileType = sourcecode.swift; path = PhotoEntity.swift; sourceTree = "<group>"; };
		02A093C728B8A52B00BDF69B /* CategoryEntity.swift */ = {isa = PBXFileReference; lastKnownFileType = sourcecode.swift; path = CategoryEntity.swift; sourceTree = "<group>"; };
		02A093C928B8A67800BDF69B /* GoalEntity.swift */ = {isa = PBXFileReference; lastKnownFileType = sourcecode.swift; path = GoalEntity.swift; sourceTree = "<group>"; };
		02B916DA28B89ADF0086F29E /* RealmResults + toArray.swift */ = {isa = PBXFileReference; lastKnownFileType = sourcecode.swift; path = "RealmResults + toArray.swift"; sourceTree = "<group>"; };
		02C9713428AF82390087B8D2 /* UIImage + Utils.swift */ = {isa = PBXFileReference; lastKnownFileType = sourcecode.swift; path = "UIImage + Utils.swift"; sourceTree = "<group>"; };
		02C9713628B356200087B8D2 /* PresetColorCell.swift */ = {isa = PBXFileReference; lastKnownFileType = sourcecode.swift; path = PresetColorCell.swift; sourceTree = "<group>"; };
		02DB2F8328AC8D7E005938CB /* PhotoEditViewController.swift */ = {isa = PBXFileReference; lastKnownFileType = sourcecode.swift; path = PhotoEditViewController.swift; sourceTree = "<group>"; };
		02DB2F8628AC9115005938CB /* PhotoEditViewModel.swift */ = {isa = PBXFileReference; lastKnownFileType = sourcecode.swift; path = PhotoEditViewModel.swift; sourceTree = "<group>"; };
		02F37250289CE21400F361C7 /* Album.swift */ = {isa = PBXFileReference; lastKnownFileType = sourcecode.swift; path = Album.swift; sourceTree = "<group>"; };
		02F37253289E1EA200F361C7 /* PaddingLabel.swift */ = {isa = PBXFileReference; lastKnownFileType = sourcecode.swift; path = PaddingLabel.swift; sourceTree = "<group>"; };
		02F37256289E9C7E00F361C7 /* AlbumViewModel.swift */ = {isa = PBXFileReference; lastKnownFileType = sourcecode.swift; path = AlbumViewModel.swift; sourceTree = "<group>"; };
		B536FA0528A929D800178786 /* GoalListRepository.swift */ = {isa = PBXFileReference; lastKnownFileType = sourcecode.swift; path = GoalListRepository.swift; sourceTree = "<group>"; };
		B563D9BD28BA5A3C00A755EB /* Period.swift */ = {isa = PBXFileReference; lastKnownFileType = sourcecode.swift; path = Period.swift; sourceTree = "<group>"; };
		B563D9BF28BA5A8F00A755EB /* PeriodSelectViewController.swift */ = {isa = PBXFileReference; lastKnownFileType = sourcecode.swift; path = PeriodSelectViewController.swift; sourceTree = "<group>"; };
		B563D9C128BA5C9B00A755EB /* PeriodSelectViewModel.swift */ = {isa = PBXFileReference; lastKnownFileType = sourcecode.swift; path = PeriodSelectViewModel.swift; sourceTree = "<group>"; };
		B569E9EE2898D4A8006FFFB9 /* rabit.app */ = {isa = PBXFileReference; explicitFileType = wrapper.application; includeInIndex = 0; path = rabit.app; sourceTree = BUILT_PRODUCTS_DIR; };
		B569E9F12898D4A8006FFFB9 /* AppDelegate.swift */ = {isa = PBXFileReference; lastKnownFileType = sourcecode.swift; path = AppDelegate.swift; sourceTree = "<group>"; };
		B569E9F32898D4A8006FFFB9 /* SceneDelegate.swift */ = {isa = PBXFileReference; lastKnownFileType = sourcecode.swift; path = SceneDelegate.swift; sourceTree = "<group>"; };
		B569E9FA2898D4AA006FFFB9 /* Assets.xcassets */ = {isa = PBXFileReference; lastKnownFileType = folder.assetcatalog; path = Assets.xcassets; sourceTree = "<group>"; };
		B569E9FD2898D4AA006FFFB9 /* Base */ = {isa = PBXFileReference; lastKnownFileType = file.storyboard; name = Base; path = Base.lproj/LaunchScreen.storyboard; sourceTree = "<group>"; };
		B569E9FF2898D4AA006FFFB9 /* Info.plist */ = {isa = PBXFileReference; lastKnownFileType = text.plist.xml; path = Info.plist; sourceTree = "<group>"; };
		B569EA042898D4AB006FFFB9 /* rabitTests.xctest */ = {isa = PBXFileReference; explicitFileType = wrapper.cfbundle; includeInIndex = 0; path = rabitTests.xctest; sourceTree = BUILT_PRODUCTS_DIR; };
		B569EA082898D4AB006FFFB9 /* rabitTests.swift */ = {isa = PBXFileReference; lastKnownFileType = sourcecode.swift; path = rabitTests.swift; sourceTree = "<group>"; };
		B569EA0E2898D4AB006FFFB9 /* rabitUITests.xctest */ = {isa = PBXFileReference; explicitFileType = wrapper.cfbundle; includeInIndex = 0; path = rabitUITests.xctest; sourceTree = BUILT_PRODUCTS_DIR; };
		B569EA122898D4AB006FFFB9 /* rabitUITests.swift */ = {isa = PBXFileReference; lastKnownFileType = sourcecode.swift; path = rabitUITests.swift; sourceTree = "<group>"; };
		B569EA142898D4AB006FFFB9 /* rabitUITestsLaunchTests.swift */ = {isa = PBXFileReference; lastKnownFileType = sourcecode.swift; path = rabitUITestsLaunchTests.swift; sourceTree = "<group>"; };
		B56AF74F28C59E18001C82C0 /* RangeSlider.swift */ = {isa = PBXFileReference; lastKnownFileType = sourcecode.swift; path = RangeSlider.swift; sourceTree = "<group>"; };
		B56AF75128C6528B001C82C0 /* RangeSlider + Reactive.swift */ = {isa = PBXFileReference; lastKnownFileType = sourcecode.swift; path = "RangeSlider + Reactive.swift"; sourceTree = "<group>"; };
		B57D75F328B3E76300C11405 /* UIView + shadow.swift */ = {isa = PBXFileReference; lastKnownFileType = sourcecode.swift; path = "UIView + shadow.swift"; sourceTree = "<group>"; };
		B582573B28BDF6F2001AE268 /* DateComponent.swift */ = {isa = PBXFileReference; lastKnownFileType = sourcecode.swift; path = DateComponent.swift; sourceTree = "<group>"; };
		B582573D28BDF718001AE268 /* Date + toDateComponent, toTimeComponent.swift */ = {isa = PBXFileReference; lastKnownFileType = sourcecode.swift; path = "Date + toDateComponent, toTimeComponent.swift"; sourceTree = "<group>"; };
		B582574128BDFCBC001AE268 /* TimeSelectViewController.swift */ = {isa = PBXFileReference; lastKnownFileType = sourcecode.swift; path = TimeSelectViewController.swift; sourceTree = "<group>"; };
		B582574328BDFCE7001AE268 /* TimeSelectViewModel.swift */ = {isa = PBXFileReference; lastKnownFileType = sourcecode.swift; path = TimeSelectViewModel.swift; sourceTree = "<group>"; };
		B582574528BF3323001AE268 /* CertifiableTime.swift */ = {isa = PBXFileReference; lastKnownFileType = sourcecode.swift; path = CertifiableTime.swift; sourceTree = "<group>"; };
		B582574728BF3330001AE268 /* TimeComponent.swift */ = {isa = PBXFileReference; lastKnownFileType = sourcecode.swift; path = TimeComponent.swift; sourceTree = "<group>"; };
		B58A1C2228B5F9AF00D5783F /* RealmManager.swift */ = {isa = PBXFileReference; lastKnownFileType = sourcecode.swift; path = RealmManager.swift; sourceTree = "<group>"; };
		B58A1C2428B74E1E00D5783F /* CategoryAddRepository.swift */ = {isa = PBXFileReference; lastKnownFileType = sourcecode.swift; path = CategoryAddRepository.swift; sourceTree = "<group>"; };
		B58EF87628B8BABC0075B295 /* BottomSheet.swift */ = {isa = PBXFileReference; lastKnownFileType = sourcecode.swift; path = BottomSheet.swift; sourceTree = "<group>"; };
		B59BB3C628A82E2D007C5013 /* CategoryAddViewController.swift */ = {isa = PBXFileReference; lastKnownFileType = sourcecode.swift; path = CategoryAddViewController.swift; sourceTree = "<group>"; };
		B59BB3C828A8354B007C5013 /* CategoryAddViewModel.swift */ = {isa = PBXFileReference; lastKnownFileType = sourcecode.swift; path = CategoryAddViewModel.swift; sourceTree = "<group>"; };
		B5B9413B28AF6DE60098022F /* GoalAddViewController.swift */ = {isa = PBXFileReference; lastKnownFileType = sourcecode.swift; path = GoalAddViewController.swift; sourceTree = "<group>"; };
		B5B9413E28AF6F280098022F /* InsertField.swift */ = {isa = PBXFileReference; lastKnownFileType = sourcecode.swift; path = InsertField.swift; sourceTree = "<group>"; };
		B5B9414028AF7D5C0098022F /* GoalAddViewModel.swift */ = {isa = PBXFileReference; lastKnownFileType = sourcecode.swift; path = GoalAddViewModel.swift; sourceTree = "<group>"; };
		B5D131CD289A04F200EE1833 /* Coordinator.swift */ = {isa = PBXFileReference; lastKnownFileType = sourcecode.swift; path = Coordinator.swift; sourceTree = "<group>"; };
		B5D131CF289A065200EE1833 /* AppCoordinator.swift */ = {isa = PBXFileReference; lastKnownFileType = sourcecode.swift; path = AppCoordinator.swift; sourceTree = "<group>"; };
		B5D131D1289A087000EE1833 /* MainCoordinator.swift */ = {isa = PBXFileReference; lastKnownFileType = sourcecode.swift; path = MainCoordinator.swift; sourceTree = "<group>"; };
		B5D131D5289A0D6B00EE1833 /* GoalCoordinator.swift */ = {isa = PBXFileReference; lastKnownFileType = sourcecode.swift; path = GoalCoordinator.swift; sourceTree = "<group>"; };
		B5D131D7289A0D7300EE1833 /* AlbumCoordinator.swift */ = {isa = PBXFileReference; lastKnownFileType = sourcecode.swift; path = AlbumCoordinator.swift; sourceTree = "<group>"; };
		B5D131DA289C0E8D00EE1833 /* GoalListViewController.swift */ = {isa = PBXFileReference; lastKnownFileType = sourcecode.swift; path = GoalListViewController.swift; sourceTree = "<group>"; };
		B5D131DE289C178A00EE1833 /* GoalListCollectionViewCell.swift */ = {isa = PBXFileReference; lastKnownFileType = sourcecode.swift; path = GoalListCollectionViewCell.swift; sourceTree = "<group>"; };
		B5D131E1289C2A1B00EE1833 /* GoalProgressView.swift */ = {isa = PBXFileReference; lastKnownFileType = sourcecode.swift; path = GoalProgressView.swift; sourceTree = "<group>"; };
		B5D131E3289C2CD300EE1833 /* GoalListViewModel.swift */ = {isa = PBXFileReference; lastKnownFileType = sourcecode.swift; path = GoalListViewModel.swift; sourceTree = "<group>"; };
		B5D131E5289C2CFB00EE1833 /* Goal.swift */ = {isa = PBXFileReference; lastKnownFileType = sourcecode.swift; path = Goal.swift; sourceTree = "<group>"; };
		B5D131E7289C2D1100EE1833 /* Category.swift */ = {isa = PBXFileReference; lastKnownFileType = sourcecode.swift; path = Category.swift; sourceTree = "<group>"; };
		B5D34DB228C9B8DF00F04070 /* DaySelectCell.swift */ = {isa = PBXFileReference; lastKnownFileType = sourcecode.swift; path = DaySelectCell.swift; sourceTree = "<group>"; };
		B5D34DB428CA07E200F04070 /* Days.swift */ = {isa = PBXFileReference; lastKnownFileType = sourcecode.swift; path = Days.swift; sourceTree = "<group>"; };
		B5D7603028A37D630046B09C /* GoalListCollectionViewHeader.swift */ = {isa = PBXFileReference; lastKnownFileType = sourcecode.swift; path = GoalListCollectionViewHeader.swift; sourceTree = "<group>"; };
/* End PBXFileReference section */

/* Begin PBXFrameworksBuildPhase section */
		B569E9EB2898D4A8006FFFB9 /* Frameworks */ = {
			isa = PBXFrameworksBuildPhase;
			buildActionMask = 2147483647;
			files = (
				02B7FD2C289A1EEC00EBA86D /* RxCocoa in Frameworks */,
				02B7FD29289A1EC300EBA86D /* RealmSwift in Frameworks */,
				02B7FD2E289A1EEC00EBA86D /* RxSwift in Frameworks */,
				022B7838289C05C2009003EA /* RxDataSources in Frameworks */,
				B57D75F928B5319D00C11405 /* RxGesture in Frameworks */,
				02B7FD26289A1E3400EBA86D /* SnapKit in Frameworks */,
			);
			runOnlyForDeploymentPostprocessing = 0;
		};
		B569EA012898D4AB006FFFB9 /* Frameworks */ = {
			isa = PBXFrameworksBuildPhase;
			buildActionMask = 2147483647;
			files = (
			);
			runOnlyForDeploymentPostprocessing = 0;
		};
		B569EA0B2898D4AB006FFFB9 /* Frameworks */ = {
			isa = PBXFrameworksBuildPhase;
			buildActionMask = 2147483647;
			files = (
			);
			runOnlyForDeploymentPostprocessing = 0;
		};
/* End PBXFrameworksBuildPhase section */

/* Begin PBXGroup section */
		0229C50128A7AF020093990E /* Repository */ = {
			isa = PBXGroup;
			children = (
				025CA12528A631C0007AAADE /* AlbumRepository.swift */,
			);
			path = Repository;
			sourceTree = "<group>";
		};
		022B7835289B7A0D009003EA /* Views */ = {
			isa = PBXGroup;
			children = (
				0252098E289A661E00E7E604 /* AlbumHeaderView.swift */,
				02520988289A5C1D00E7E604 /* AlbumCell.swift */,
			);
			path = Views;
			sourceTree = "<group>";
		};
		0232BD9328AE113D009057F8 /* ColorPicker */ = {
			isa = PBXGroup;
			children = (
				0232BD9128AE1134009057F8 /* ColorPickerViewController.swift */,
				0232BD9428AE11DD009057F8 /* ColorPickerViewModel.swift */,
				02C9713828B356290087B8D2 /* Views */,
			);
			path = ColorPicker;
			sourceTree = "<group>";
		};
		02972D5A28B5F83D008C097D /* Common */ = {
			isa = PBXGroup;
			children = (
				B58EF87528B8BAB50075B295 /* Views */,
				02972D5B28B5F84B008C097D /* Factory */,
				B5D131CC289A04E600EE1833 /* Coordinator */,
				B58A1C2228B5F9AF00D5783F /* RealmManager.swift */,
				02972D5C28B61E76008C097D /* Persistable.swift */,
			);
			path = Common;
			sourceTree = "<group>";
		};
		02972D5B28B5F84B008C097D /* Factory */ = {
			isa = PBXGroup;
			children = (
				0229C50628AB9A100093990E /* CompositionalLayoutFactory.swift */,
			);
			path = Factory;
			sourceTree = "<group>";
		};
		02C9713828B356290087B8D2 /* Views */ = {
			isa = PBXGroup;
			children = (
				02C9713628B356200087B8D2 /* PresetColorCell.swift */,
			);
			path = Views;
			sourceTree = "<group>";
		};
		02DB2F8528AC8D82005938CB /* PhotoEdit */ = {
			isa = PBXGroup;
			children = (
				02DB2F8328AC8D7E005938CB /* PhotoEditViewController.swift */,
				02DB2F8628AC9115005938CB /* PhotoEditViewModel.swift */,
			);
			path = PhotoEdit;
			sourceTree = "<group>";
		};
		02F3724D289CB23F00F361C7 /* Supportings */ = {
			isa = PBXGroup;
			children = (
				B5D131CF289A065200EE1833 /* AppCoordinator.swift */,
				B569E9F12898D4A8006FFFB9 /* AppDelegate.swift */,
				B569E9F32898D4A8006FFFB9 /* SceneDelegate.swift */,
			);
			path = Supportings;
			sourceTree = "<group>";
		};
		02F3724E289CB28300F361C7 /* Configuration */ = {
			isa = PBXGroup;
			children = (
				B569E9FF2898D4AA006FFFB9 /* Info.plist */,
			);
			path = Configuration;
			sourceTree = "<group>";
		};
		02F3724F289CB28B00F361C7 /* Resource */ = {
			isa = PBXGroup;
			children = (
				B569E9FA2898D4AA006FFFB9 /* Assets.xcassets */,
				B569E9FC2898D4AA006FFFB9 /* LaunchScreen.storyboard */,
			);
			path = Resource;
			sourceTree = "<group>";
		};
		02F37252289CE21800F361C7 /* Models */ = {
			isa = PBXGroup;
			children = (
				02F37250289CE21400F361C7 /* Album.swift */,
				0232BD9828AF6B25009057F8 /* Photo.swift */,
				02972D5E28B74342008C097D /* PhotoEntity.swift */,
			);
			path = Models;
			sourceTree = "<group>";
		};
		02F37255289E1EA700F361C7 /* Utilities */ = {
			isa = PBXGroup;
			children = (
				02F37253289E1EA200F361C7 /* PaddingLabel.swift */,
				0229C50428AB7C920093990E /* UICollectionReusableView + identifier.swift */,
				0232BD8D28ACC5DB009057F8 /* UIView + roundCorners.swift */,
				0232BD9628AE5C3D009057F8 /* UIColor + Initializer.swift */,
				02C9713428AF82390087B8D2 /* UIImage + Utils.swift */,
				02B916DA28B89ADF0086F29E /* RealmResults + toArray.swift */,
				B57D75F328B3E76300C11405 /* UIView + shadow.swift */,
				B582573D28BDF718001AE268 /* Date + toDateComponent, toTimeComponent.swift */,
				B56AF75128C6528B001C82C0 /* RangeSlider + Reactive.swift */,
			);
			path = Utilities;
			sourceTree = "<group>";
		};
		B563D9BC28BA5A2A00A755EB /* PeriodSelect */ = {
			isa = PBXGroup;
			children = (
				B563D9BF28BA5A8F00A755EB /* PeriodSelectViewController.swift */,
				B563D9C128BA5C9B00A755EB /* PeriodSelectViewModel.swift */,
			);
			path = PeriodSelect;
			sourceTree = "<group>";
		};
		B569E9E52898D4A8006FFFB9 = {
			isa = PBXGroup;
			children = (
				B569E9F02898D4A8006FFFB9 /* rabit */,
				B569EA072898D4AB006FFFB9 /* rabitTests */,
				B569EA112898D4AB006FFFB9 /* rabitUITests */,
				B569E9EF2898D4A8006FFFB9 /* Products */,
			);
			sourceTree = "<group>";
		};
		B569E9EF2898D4A8006FFFB9 /* Products */ = {
			isa = PBXGroup;
			children = (
				B569E9EE2898D4A8006FFFB9 /* rabit.app */,
				B569EA042898D4AB006FFFB9 /* rabitTests.xctest */,
				B569EA0E2898D4AB006FFFB9 /* rabitUITests.xctest */,
			);
			name = Products;
			sourceTree = "<group>";
		};
		B569E9F02898D4A8006FFFB9 /* rabit */ = {
			isa = PBXGroup;
			children = (
				B5D131D1289A087000EE1833 /* MainCoordinator.swift */,
				02F3724D289CB23F00F361C7 /* Supportings */,
				02972D5A28B5F83D008C097D /* Common */,
				B5D131D4289A0CF100EE1833 /* Goal */,
				B5D131D3289A0CE900EE1833 /* Album */,
				02F3724F289CB28B00F361C7 /* Resource */,
				02F3724E289CB28300F361C7 /* Configuration */,
				02F37255289E1EA700F361C7 /* Utilities */,
			);
			path = rabit;
			sourceTree = "<group>";
		};
		B569EA072898D4AB006FFFB9 /* rabitTests */ = {
			isa = PBXGroup;
			children = (
				B569EA082898D4AB006FFFB9 /* rabitTests.swift */,
			);
			path = rabitTests;
			sourceTree = "<group>";
		};
		B569EA112898D4AB006FFFB9 /* rabitUITests */ = {
			isa = PBXGroup;
			children = (
				B569EA122898D4AB006FFFB9 /* rabitUITests.swift */,
				B569EA142898D4AB006FFFB9 /* rabitUITestsLaunchTests.swift */,
			);
			path = rabitUITests;
			sourceTree = "<group>";
		};
		B582574028BDF829001AE268 /* TimeSelect */ = {
			isa = PBXGroup;
			children = (
				B5D34DB128C9B8CA00F04070 /* Views */,
				B582574128BDFCBC001AE268 /* TimeSelectViewController.swift */,
				B582574328BDFCE7001AE268 /* TimeSelectViewModel.swift */,
			);
			path = TimeSelect;
			sourceTree = "<group>";
		};
		B58EF87528B8BAB50075B295 /* Views */ = {
			isa = PBXGroup;
			children = (
				B58EF87628B8BABC0075B295 /* BottomSheet.swift */,
				B56AF74F28C59E18001C82C0 /* RangeSlider.swift */,
			);
			path = Views;
			sourceTree = "<group>";
		};
		B59BB3C528A82DFA007C5013 /* CategoryAdd */ = {
			isa = PBXGroup;
			children = (
				B59BB3C628A82E2D007C5013 /* CategoryAddViewController.swift */,
				B59BB3C828A8354B007C5013 /* CategoryAddViewModel.swift */,
				B58A1C2428B74E1E00D5783F /* CategoryAddRepository.swift */,
			);
			path = CategoryAdd;
			sourceTree = "<group>";
		};
		B5B9413A28AF6D3F0098022F /* GoalAdd */ = {
			isa = PBXGroup;
			children = (
				B5B9413D28AF6F1D0098022F /* Views */,
				B5B9413B28AF6DE60098022F /* GoalAddViewController.swift */,
				B5B9414028AF7D5C0098022F /* GoalAddViewModel.swift */,
			);
			path = GoalAdd;
			sourceTree = "<group>";
		};
		B5B9413D28AF6F1D0098022F /* Views */ = {
			isa = PBXGroup;
			children = (
				B5B9413E28AF6F280098022F /* InsertField.swift */,
			);
			path = Views;
			sourceTree = "<group>";
		};
		B5D131CC289A04E600EE1833 /* Coordinator */ = {
			isa = PBXGroup;
			children = (
				B5D131CD289A04F200EE1833 /* Coordinator.swift */,
			);
			path = Coordinator;
			sourceTree = "<group>";
		};
		B5D131D3289A0CE900EE1833 /* Album */ = {
			isa = PBXGroup;
			children = (
				02DB2F8528AC8D82005938CB /* PhotoEdit */,
				0232BD9328AE113D009057F8 /* ColorPicker */,
				02520986289A5A2400E7E604 /* AlbumViewController.swift */,
				B5D131D7289A0D7300EE1833 /* AlbumCoordinator.swift */,
				02F37256289E9C7E00F361C7 /* AlbumViewModel.swift */,
				02F37252289CE21800F361C7 /* Models */,
				022B7835289B7A0D009003EA /* Views */,
				0229C50128A7AF020093990E /* Repository */,
			);
			path = Album;
			sourceTree = "<group>";
		};
		B5D131D4289A0CF100EE1833 /* Goal */ = {
			isa = PBXGroup;
			children = (
				B582574028BDF829001AE268 /* TimeSelect */,
				B563D9BC28BA5A2A00A755EB /* PeriodSelect */,
				B5B9413A28AF6D3F0098022F /* GoalAdd */,
				B59BB3C528A82DFA007C5013 /* CategoryAdd */,
				B5D131E0289C29EE00EE1833 /* Models */,
				B5D131D9289C0E7D00EE1833 /* Views */,
				B5D131D5289A0D6B00EE1833 /* GoalCoordinator.swift */,
				B5D131DA289C0E8D00EE1833 /* GoalListViewController.swift */,
				B5D131E3289C2CD300EE1833 /* GoalListViewModel.swift */,
				B536FA0528A929D800178786 /* GoalListRepository.swift */,
			);
			path = Goal;
			sourceTree = "<group>";
		};
		B5D131D9289C0E7D00EE1833 /* Views */ = {
			isa = PBXGroup;
			children = (
				B5D131DE289C178A00EE1833 /* GoalListCollectionViewCell.swift */,
				B5D131E1289C2A1B00EE1833 /* GoalProgressView.swift */,
				B5D7603028A37D630046B09C /* GoalListCollectionViewHeader.swift */,
			);
			path = Views;
			sourceTree = "<group>";
		};
		B5D131E0289C29EE00EE1833 /* Models */ = {
			isa = PBXGroup;
			children = (
				B5D131E5289C2CFB00EE1833 /* Goal.swift */,
				02A093C928B8A67800BDF69B /* GoalEntity.swift */,
				B5D131E7289C2D1100EE1833 /* Category.swift */,
				02A093C728B8A52B00BDF69B /* CategoryEntity.swift */,
				B563D9BD28BA5A3C00A755EB /* Period.swift */,
				B582573B28BDF6F2001AE268 /* DateComponent.swift */,
				B582574528BF3323001AE268 /* CertifiableTime.swift */,
				B582574728BF3330001AE268 /* TimeComponent.swift */,
				B5D34DB428CA07E200F04070 /* Days.swift */,
			);
			path = Models;
			sourceTree = "<group>";
		};
		B5D34DB128C9B8CA00F04070 /* Views */ = {
			isa = PBXGroup;
			children = (
				B5D34DB228C9B8DF00F04070 /* DaySelectCell.swift */,
			);
			path = Views;
			sourceTree = "<group>";
		};
/* End PBXGroup section */

/* Begin PBXNativeTarget section */
		B569E9ED2898D4A8006FFFB9 /* rabit */ = {
			isa = PBXNativeTarget;
			buildConfigurationList = B569EA182898D4AB006FFFB9 /* Build configuration list for PBXNativeTarget "rabit" */;
			buildPhases = (
				B569E9EA2898D4A8006FFFB9 /* Sources */,
				B569E9EB2898D4A8006FFFB9 /* Frameworks */,
				B569E9EC2898D4A8006FFFB9 /* Resources */,
			);
			buildRules = (
			);
			dependencies = (
			);
			name = rabit;
			packageProductDependencies = (
				02B7FD25289A1E3400EBA86D /* SnapKit */,
				02B7FD28289A1EC300EBA86D /* RealmSwift */,
				02B7FD2B289A1EEC00EBA86D /* RxCocoa */,
				02B7FD2D289A1EEC00EBA86D /* RxSwift */,
				022B7837289C05C2009003EA /* RxDataSources */,
				B57D75F828B5319D00C11405 /* RxGesture */,
			);
			productName = rabit;
			productReference = B569E9EE2898D4A8006FFFB9 /* rabit.app */;
			productType = "com.apple.product-type.application";
		};
		B569EA032898D4AB006FFFB9 /* rabitTests */ = {
			isa = PBXNativeTarget;
			buildConfigurationList = B569EA1B2898D4AB006FFFB9 /* Build configuration list for PBXNativeTarget "rabitTests" */;
			buildPhases = (
				B569EA002898D4AB006FFFB9 /* Sources */,
				B569EA012898D4AB006FFFB9 /* Frameworks */,
				B569EA022898D4AB006FFFB9 /* Resources */,
			);
			buildRules = (
			);
			dependencies = (
				B569EA062898D4AB006FFFB9 /* PBXTargetDependency */,
			);
			name = rabitTests;
			productName = rabitTests;
			productReference = B569EA042898D4AB006FFFB9 /* rabitTests.xctest */;
			productType = "com.apple.product-type.bundle.unit-test";
		};
		B569EA0D2898D4AB006FFFB9 /* rabitUITests */ = {
			isa = PBXNativeTarget;
			buildConfigurationList = B569EA1E2898D4AB006FFFB9 /* Build configuration list for PBXNativeTarget "rabitUITests" */;
			buildPhases = (
				B569EA0A2898D4AB006FFFB9 /* Sources */,
				B569EA0B2898D4AB006FFFB9 /* Frameworks */,
				B569EA0C2898D4AB006FFFB9 /* Resources */,
			);
			buildRules = (
			);
			dependencies = (
				B569EA102898D4AB006FFFB9 /* PBXTargetDependency */,
			);
			name = rabitUITests;
			productName = rabitUITests;
			productReference = B569EA0E2898D4AB006FFFB9 /* rabitUITests.xctest */;
			productType = "com.apple.product-type.bundle.ui-testing";
		};
/* End PBXNativeTarget section */

/* Begin PBXProject section */
		B569E9E62898D4A8006FFFB9 /* Project object */ = {
			isa = PBXProject;
			attributes = {
				BuildIndependentTargetsInParallel = 1;
				LastSwiftUpdateCheck = 1340;
				LastUpgradeCheck = 1340;
				TargetAttributes = {
					B569E9ED2898D4A8006FFFB9 = {
						CreatedOnToolsVersion = 13.4.1;
					};
					B569EA032898D4AB006FFFB9 = {
						CreatedOnToolsVersion = 13.4.1;
						TestTargetID = B569E9ED2898D4A8006FFFB9;
					};
					B569EA0D2898D4AB006FFFB9 = {
						CreatedOnToolsVersion = 13.4.1;
						TestTargetID = B569E9ED2898D4A8006FFFB9;
					};
				};
			};
			buildConfigurationList = B569E9E92898D4A8006FFFB9 /* Build configuration list for PBXProject "rabit" */;
			compatibilityVersion = "Xcode 13.0";
			developmentRegion = en;
			hasScannedForEncodings = 0;
			knownRegions = (
				en,
				Base,
			);
			mainGroup = B569E9E52898D4A8006FFFB9;
			packageReferences = (
				02B7FD24289A1E3400EBA86D /* XCRemoteSwiftPackageReference "SnapKit" */,
				02B7FD27289A1EC300EBA86D /* XCRemoteSwiftPackageReference "realm-swift" */,
				02B7FD2A289A1EEC00EBA86D /* XCRemoteSwiftPackageReference "RxSwift" */,
				022B7836289C05C2009003EA /* XCRemoteSwiftPackageReference "RxDataSources" */,
				B57D75F728B5319D00C11405 /* XCRemoteSwiftPackageReference "RxGesture" */,
			);
			productRefGroup = B569E9EF2898D4A8006FFFB9 /* Products */;
			projectDirPath = "";
			projectRoot = "";
			targets = (
				B569E9ED2898D4A8006FFFB9 /* rabit */,
				B569EA032898D4AB006FFFB9 /* rabitTests */,
				B569EA0D2898D4AB006FFFB9 /* rabitUITests */,
			);
		};
/* End PBXProject section */

/* Begin PBXResourcesBuildPhase section */
		B569E9EC2898D4A8006FFFB9 /* Resources */ = {
			isa = PBXResourcesBuildPhase;
			buildActionMask = 2147483647;
			files = (
				B569E9FE2898D4AA006FFFB9 /* LaunchScreen.storyboard in Resources */,
				B569E9FB2898D4AA006FFFB9 /* Assets.xcassets in Resources */,
			);
			runOnlyForDeploymentPostprocessing = 0;
		};
		B569EA022898D4AB006FFFB9 /* Resources */ = {
			isa = PBXResourcesBuildPhase;
			buildActionMask = 2147483647;
			files = (
			);
			runOnlyForDeploymentPostprocessing = 0;
		};
		B569EA0C2898D4AB006FFFB9 /* Resources */ = {
			isa = PBXResourcesBuildPhase;
			buildActionMask = 2147483647;
			files = (
			);
			runOnlyForDeploymentPostprocessing = 0;
		};
/* End PBXResourcesBuildPhase section */

/* Begin PBXSourcesBuildPhase section */
		B569E9EA2898D4A8006FFFB9 /* Sources */ = {
			isa = PBXSourcesBuildPhase;
			buildActionMask = 2147483647;
			files = (
				02DB2F8728AC9115005938CB /* PhotoEditViewModel.swift in Sources */,
				B5D131CE289A04F200EE1833 /* Coordinator.swift in Sources */,
				B582574628BF3323001AE268 /* CertifiableTime.swift in Sources */,
				B58EF87728B8BABC0075B295 /* BottomSheet.swift in Sources */,
				B582574428BDFCE7001AE268 /* TimeSelectViewModel.swift in Sources */,
				02A093C828B8A52B00BDF69B /* CategoryEntity.swift in Sources */,
				0232BD9728AE5C3D009057F8 /* UIColor + Initializer.swift in Sources */,
				0232BD8E28ACC5DB009057F8 /* UIView + roundCorners.swift in Sources */,
				B5D131E4289C2CD300EE1833 /* GoalListViewModel.swift in Sources */,
				B5D131D2289A087000EE1833 /* MainCoordinator.swift in Sources */,
				B5D7603128A37D630046B09C /* GoalListCollectionViewHeader.swift in Sources */,
				B5B9413C28AF6DE60098022F /* GoalAddViewController.swift in Sources */,
				B56AF75228C6528B001C82C0 /* RangeSlider + Reactive.swift in Sources */,
				B563D9BE28BA5A3C00A755EB /* Period.swift in Sources */,
				B58A1C2328B5F9AF00D5783F /* RealmManager.swift in Sources */,
				B563D9C028BA5A8F00A755EB /* PeriodSelectViewController.swift in Sources */,
				0229C50728AB9A100093990E /* CompositionalLayoutFactory.swift in Sources */,
				B582574828BF3330001AE268 /* TimeComponent.swift in Sources */,
				0252098F289A661E00E7E604 /* AlbumHeaderView.swift in Sources */,
				02520987289A5A2400E7E604 /* AlbumViewController.swift in Sources */,
				02F37251289CE21400F361C7 /* Album.swift in Sources */,
				B57D75F428B3E76300C11405 /* UIView + shadow.swift in Sources */,
				B59BB3C928A8354B007C5013 /* CategoryAddViewModel.swift in Sources */,
				B5D131DF289C178A00EE1833 /* GoalListCollectionViewCell.swift in Sources */,
				02B916DB28B89ADF0086F29E /* RealmResults + toArray.swift in Sources */,
				B5B9414128AF7D5C0098022F /* GoalAddViewModel.swift in Sources */,
				B5D131DB289C0E8D00EE1833 /* GoalListViewController.swift in Sources */,
				B58A1C2528B74E1E00D5783F /* CategoryAddRepository.swift in Sources */,
				025CA12628A631C0007AAADE /* AlbumRepository.swift in Sources */,
				02DB2F8428AC8D7E005938CB /* PhotoEditViewController.swift in Sources */,
				B5B9413F28AF6F280098022F /* InsertField.swift in Sources */,
				02F37257289E9C7E00F361C7 /* AlbumViewModel.swift in Sources */,
				B582573E28BDF718001AE268 /* Date + toDateComponent, toTimeComponent.swift in Sources */,
				B536FA0628A929D800178786 /* GoalListRepository.swift in Sources */,
				B563D9C228BA5C9B00A755EB /* PeriodSelectViewModel.swift in Sources */,
				0232BD9928AF6B25009057F8 /* Photo.swift in Sources */,
				B582573C28BDF6F2001AE268 /* DateComponent.swift in Sources */,
				B5D131D0289A065200EE1833 /* AppCoordinator.swift in Sources */,
				02A093CA28B8A67800BDF69B /* GoalEntity.swift in Sources */,
				B59BB3C728A82E2D007C5013 /* CategoryAddViewController.swift in Sources */,
				02520989289A5C1D00E7E604 /* AlbumCell.swift in Sources */,
				0232BD9228AE1134009057F8 /* ColorPickerViewController.swift in Sources */,
				0229C50528AB7C920093990E /* UICollectionReusableView + identifier.swift in Sources */,
				B582574228BDFCBC001AE268 /* TimeSelectViewController.swift in Sources */,
				02C9713728B356200087B8D2 /* PresetColorCell.swift in Sources */,
				B569E9F22898D4A8006FFFB9 /* AppDelegate.swift in Sources */,
				B5D34DB528CA07E200F04070 /* Days.swift in Sources */,
				02C9713528AF82390087B8D2 /* UIImage + Utils.swift in Sources */,
				B5D131E6289C2CFB00EE1833 /* Goal.swift in Sources */,
				B569E9F42898D4A8006FFFB9 /* SceneDelegate.swift in Sources */,
				B5D131D8289A0D7300EE1833 /* AlbumCoordinator.swift in Sources */,
				02972D5D28B61E76008C097D /* Persistable.swift in Sources */,
				B5D131E2289C2A1B00EE1833 /* GoalProgressView.swift in Sources */,
				B5D131D6289A0D6B00EE1833 /* GoalCoordinator.swift in Sources */,
				0232BD9528AE11DD009057F8 /* ColorPickerViewModel.swift in Sources */,
				02F37254289E1EA200F361C7 /* PaddingLabel.swift in Sources */,
				B5D131E8289C2D1100EE1833 /* Category.swift in Sources */,
				B5D34DB328C9B8DF00F04070 /* DaySelectCell.swift in Sources */,
				B56AF75028C59E18001C82C0 /* RangeSlider.swift in Sources */,
				02972D5F28B74343008C097D /* PhotoEntity.swift in Sources */,
			);
			runOnlyForDeploymentPostprocessing = 0;
		};
		B569EA002898D4AB006FFFB9 /* Sources */ = {
			isa = PBXSourcesBuildPhase;
			buildActionMask = 2147483647;
			files = (
				B569EA092898D4AB006FFFB9 /* rabitTests.swift in Sources */,
			);
			runOnlyForDeploymentPostprocessing = 0;
		};
		B569EA0A2898D4AB006FFFB9 /* Sources */ = {
			isa = PBXSourcesBuildPhase;
			buildActionMask = 2147483647;
			files = (
				B569EA132898D4AB006FFFB9 /* rabitUITests.swift in Sources */,
				B569EA152898D4AB006FFFB9 /* rabitUITestsLaunchTests.swift in Sources */,
			);
			runOnlyForDeploymentPostprocessing = 0;
		};
/* End PBXSourcesBuildPhase section */

/* Begin PBXTargetDependency section */
		B569EA062898D4AB006FFFB9 /* PBXTargetDependency */ = {
			isa = PBXTargetDependency;
			target = B569E9ED2898D4A8006FFFB9 /* rabit */;
			targetProxy = B569EA052898D4AB006FFFB9 /* PBXContainerItemProxy */;
		};
		B569EA102898D4AB006FFFB9 /* PBXTargetDependency */ = {
			isa = PBXTargetDependency;
			target = B569E9ED2898D4A8006FFFB9 /* rabit */;
			targetProxy = B569EA0F2898D4AB006FFFB9 /* PBXContainerItemProxy */;
		};
/* End PBXTargetDependency section */

/* Begin PBXVariantGroup section */
		B569E9FC2898D4AA006FFFB9 /* LaunchScreen.storyboard */ = {
			isa = PBXVariantGroup;
			children = (
				B569E9FD2898D4AA006FFFB9 /* Base */,
			);
			name = LaunchScreen.storyboard;
			sourceTree = "<group>";
		};
/* End PBXVariantGroup section */

/* Begin XCBuildConfiguration section */
		B569EA162898D4AB006FFFB9 /* Debug */ = {
			isa = XCBuildConfiguration;
			buildSettings = {
				ALWAYS_SEARCH_USER_PATHS = NO;
				CLANG_ANALYZER_NONNULL = YES;
				CLANG_ANALYZER_NUMBER_OBJECT_CONVERSION = YES_AGGRESSIVE;
				CLANG_CXX_LANGUAGE_STANDARD = "gnu++17";
				CLANG_ENABLE_MODULES = YES;
				CLANG_ENABLE_OBJC_ARC = YES;
				CLANG_ENABLE_OBJC_WEAK = YES;
				CLANG_WARN_BLOCK_CAPTURE_AUTORELEASING = YES;
				CLANG_WARN_BOOL_CONVERSION = YES;
				CLANG_WARN_COMMA = YES;
				CLANG_WARN_CONSTANT_CONVERSION = YES;
				CLANG_WARN_DEPRECATED_OBJC_IMPLEMENTATIONS = YES;
				CLANG_WARN_DIRECT_OBJC_ISA_USAGE = YES_ERROR;
				CLANG_WARN_DOCUMENTATION_COMMENTS = YES;
				CLANG_WARN_EMPTY_BODY = YES;
				CLANG_WARN_ENUM_CONVERSION = YES;
				CLANG_WARN_INFINITE_RECURSION = YES;
				CLANG_WARN_INT_CONVERSION = YES;
				CLANG_WARN_NON_LITERAL_NULL_CONVERSION = YES;
				CLANG_WARN_OBJC_IMPLICIT_RETAIN_SELF = YES;
				CLANG_WARN_OBJC_LITERAL_CONVERSION = YES;
				CLANG_WARN_OBJC_ROOT_CLASS = YES_ERROR;
				CLANG_WARN_QUOTED_INCLUDE_IN_FRAMEWORK_HEADER = YES;
				CLANG_WARN_RANGE_LOOP_ANALYSIS = YES;
				CLANG_WARN_STRICT_PROTOTYPES = YES;
				CLANG_WARN_SUSPICIOUS_MOVE = YES;
				CLANG_WARN_UNGUARDED_AVAILABILITY = YES_AGGRESSIVE;
				CLANG_WARN_UNREACHABLE_CODE = YES;
				CLANG_WARN__DUPLICATE_METHOD_MATCH = YES;
				COPY_PHASE_STRIP = NO;
				DEBUG_INFORMATION_FORMAT = dwarf;
				ENABLE_STRICT_OBJC_MSGSEND = YES;
				ENABLE_TESTABILITY = YES;
				GCC_C_LANGUAGE_STANDARD = gnu11;
				GCC_DYNAMIC_NO_PIC = NO;
				GCC_NO_COMMON_BLOCKS = YES;
				GCC_OPTIMIZATION_LEVEL = 0;
				GCC_PREPROCESSOR_DEFINITIONS = (
					"DEBUG=1",
					"$(inherited)",
				);
				GCC_WARN_64_TO_32_BIT_CONVERSION = YES;
				GCC_WARN_ABOUT_RETURN_TYPE = YES_ERROR;
				GCC_WARN_UNDECLARED_SELECTOR = YES;
				GCC_WARN_UNINITIALIZED_AUTOS = YES_AGGRESSIVE;
				GCC_WARN_UNUSED_FUNCTION = YES;
				GCC_WARN_UNUSED_VARIABLE = YES;
				IPHONEOS_DEPLOYMENT_TARGET = 13.0;
				MTL_ENABLE_DEBUG_INFO = INCLUDE_SOURCE;
				MTL_FAST_MATH = YES;
				ONLY_ACTIVE_ARCH = YES;
				SDKROOT = iphoneos;
				SWIFT_ACTIVE_COMPILATION_CONDITIONS = DEBUG;
				SWIFT_OPTIMIZATION_LEVEL = "-Onone";
			};
			name = Debug;
		};
		B569EA172898D4AB006FFFB9 /* Release */ = {
			isa = XCBuildConfiguration;
			buildSettings = {
				ALWAYS_SEARCH_USER_PATHS = NO;
				CLANG_ANALYZER_NONNULL = YES;
				CLANG_ANALYZER_NUMBER_OBJECT_CONVERSION = YES_AGGRESSIVE;
				CLANG_CXX_LANGUAGE_STANDARD = "gnu++17";
				CLANG_ENABLE_MODULES = YES;
				CLANG_ENABLE_OBJC_ARC = YES;
				CLANG_ENABLE_OBJC_WEAK = YES;
				CLANG_WARN_BLOCK_CAPTURE_AUTORELEASING = YES;
				CLANG_WARN_BOOL_CONVERSION = YES;
				CLANG_WARN_COMMA = YES;
				CLANG_WARN_CONSTANT_CONVERSION = YES;
				CLANG_WARN_DEPRECATED_OBJC_IMPLEMENTATIONS = YES;
				CLANG_WARN_DIRECT_OBJC_ISA_USAGE = YES_ERROR;
				CLANG_WARN_DOCUMENTATION_COMMENTS = YES;
				CLANG_WARN_EMPTY_BODY = YES;
				CLANG_WARN_ENUM_CONVERSION = YES;
				CLANG_WARN_INFINITE_RECURSION = YES;
				CLANG_WARN_INT_CONVERSION = YES;
				CLANG_WARN_NON_LITERAL_NULL_CONVERSION = YES;
				CLANG_WARN_OBJC_IMPLICIT_RETAIN_SELF = YES;
				CLANG_WARN_OBJC_LITERAL_CONVERSION = YES;
				CLANG_WARN_OBJC_ROOT_CLASS = YES_ERROR;
				CLANG_WARN_QUOTED_INCLUDE_IN_FRAMEWORK_HEADER = YES;
				CLANG_WARN_RANGE_LOOP_ANALYSIS = YES;
				CLANG_WARN_STRICT_PROTOTYPES = YES;
				CLANG_WARN_SUSPICIOUS_MOVE = YES;
				CLANG_WARN_UNGUARDED_AVAILABILITY = YES_AGGRESSIVE;
				CLANG_WARN_UNREACHABLE_CODE = YES;
				CLANG_WARN__DUPLICATE_METHOD_MATCH = YES;
				COPY_PHASE_STRIP = NO;
				DEBUG_INFORMATION_FORMAT = "dwarf-with-dsym";
				ENABLE_NS_ASSERTIONS = NO;
				ENABLE_STRICT_OBJC_MSGSEND = YES;
				GCC_C_LANGUAGE_STANDARD = gnu11;
				GCC_NO_COMMON_BLOCKS = YES;
				GCC_WARN_64_TO_32_BIT_CONVERSION = YES;
				GCC_WARN_ABOUT_RETURN_TYPE = YES_ERROR;
				GCC_WARN_UNDECLARED_SELECTOR = YES;
				GCC_WARN_UNINITIALIZED_AUTOS = YES_AGGRESSIVE;
				GCC_WARN_UNUSED_FUNCTION = YES;
				GCC_WARN_UNUSED_VARIABLE = YES;
				IPHONEOS_DEPLOYMENT_TARGET = 13.0;
				MTL_ENABLE_DEBUG_INFO = NO;
				MTL_FAST_MATH = YES;
				SDKROOT = iphoneos;
				SWIFT_COMPILATION_MODE = wholemodule;
				SWIFT_OPTIMIZATION_LEVEL = "-O";
				VALIDATE_PRODUCT = YES;
			};
			name = Release;
		};
		B569EA192898D4AB006FFFB9 /* Debug */ = {
			isa = XCBuildConfiguration;
			buildSettings = {
				ASSETCATALOG_COMPILER_APPICON_NAME = AppIcon;
				ASSETCATALOG_COMPILER_GLOBAL_ACCENT_COLOR_NAME = AccentColor;
				CODE_SIGN_STYLE = Automatic;
				CURRENT_PROJECT_VERSION = 1;
				DEVELOPMENT_TEAM = B3PWYBKFUK;
				GENERATE_INFOPLIST_FILE = YES;
				INFOPLIST_FILE = rabit/Configuration/Info.plist;
				INFOPLIST_KEY_CFBundleDisplayName = rabit;
				INFOPLIST_KEY_UIApplicationSupportsIndirectInputEvents = YES;
				INFOPLIST_KEY_UILaunchStoryboardName = LaunchScreen;
				INFOPLIST_KEY_UISupportedInterfaceOrientations_iPad = "UIInterfaceOrientationPortrait UIInterfaceOrientationPortraitUpsideDown UIInterfaceOrientationLandscapeLeft UIInterfaceOrientationLandscapeRight";
				INFOPLIST_KEY_UISupportedInterfaceOrientations_iPhone = "UIInterfaceOrientationPortrait UIInterfaceOrientationLandscapeLeft UIInterfaceOrientationLandscapeRight";
				LD_RUNPATH_SEARCH_PATHS = (
					"$(inherited)",
					"@executable_path/Frameworks",
				);
				MARKETING_VERSION = 1.0;
				PRODUCT_BUNDLE_IDENTIFIER = com.gunza.rabit;
				PRODUCT_NAME = "$(TARGET_NAME)";
				SWIFT_EMIT_LOC_STRINGS = YES;
				SWIFT_VERSION = 5.0;
				TARGETED_DEVICE_FAMILY = "1,2";
			};
			name = Debug;
		};
		B569EA1A2898D4AB006FFFB9 /* Release */ = {
			isa = XCBuildConfiguration;
			buildSettings = {
				ASSETCATALOG_COMPILER_APPICON_NAME = AppIcon;
				ASSETCATALOG_COMPILER_GLOBAL_ACCENT_COLOR_NAME = AccentColor;
				CODE_SIGN_STYLE = Automatic;
				CURRENT_PROJECT_VERSION = 1;
				DEVELOPMENT_TEAM = B3PWYBKFUK;
				GENERATE_INFOPLIST_FILE = YES;
				INFOPLIST_FILE = rabit/Configuration/Info.plist;
				INFOPLIST_KEY_CFBundleDisplayName = rabit;
				INFOPLIST_KEY_UIApplicationSupportsIndirectInputEvents = YES;
				INFOPLIST_KEY_UILaunchStoryboardName = LaunchScreen;
				INFOPLIST_KEY_UISupportedInterfaceOrientations_iPad = "UIInterfaceOrientationPortrait UIInterfaceOrientationPortraitUpsideDown UIInterfaceOrientationLandscapeLeft UIInterfaceOrientationLandscapeRight";
				INFOPLIST_KEY_UISupportedInterfaceOrientations_iPhone = "UIInterfaceOrientationPortrait UIInterfaceOrientationLandscapeLeft UIInterfaceOrientationLandscapeRight";
				LD_RUNPATH_SEARCH_PATHS = (
					"$(inherited)",
					"@executable_path/Frameworks",
				);
				MARKETING_VERSION = 1.0;
				PRODUCT_BUNDLE_IDENTIFIER = com.gunza.rabit;
				PRODUCT_NAME = "$(TARGET_NAME)";
				SWIFT_EMIT_LOC_STRINGS = YES;
				SWIFT_VERSION = 5.0;
				TARGETED_DEVICE_FAMILY = "1,2";
			};
			name = Release;
		};
		B569EA1C2898D4AB006FFFB9 /* Debug */ = {
			isa = XCBuildConfiguration;
			buildSettings = {
				ALWAYS_EMBED_SWIFT_STANDARD_LIBRARIES = YES;
				BUNDLE_LOADER = "$(TEST_HOST)";
				CODE_SIGN_STYLE = Automatic;
				CURRENT_PROJECT_VERSION = 1;
				DEVELOPMENT_TEAM = B3PWYBKFUK;
				GENERATE_INFOPLIST_FILE = YES;
				IPHONEOS_DEPLOYMENT_TARGET = 15.5;
				MARKETING_VERSION = 1.0;
				PRODUCT_BUNDLE_IDENTIFIER = com.gunza.rabitTests;
				PRODUCT_NAME = "$(TARGET_NAME)";
				SWIFT_EMIT_LOC_STRINGS = NO;
				SWIFT_VERSION = 5.0;
				TARGETED_DEVICE_FAMILY = "1,2";
				TEST_HOST = "$(BUILT_PRODUCTS_DIR)/rabit.app/rabit";
			};
			name = Debug;
		};
		B569EA1D2898D4AB006FFFB9 /* Release */ = {
			isa = XCBuildConfiguration;
			buildSettings = {
				ALWAYS_EMBED_SWIFT_STANDARD_LIBRARIES = YES;
				BUNDLE_LOADER = "$(TEST_HOST)";
				CODE_SIGN_STYLE = Automatic;
				CURRENT_PROJECT_VERSION = 1;
				DEVELOPMENT_TEAM = B3PWYBKFUK;
				GENERATE_INFOPLIST_FILE = YES;
				IPHONEOS_DEPLOYMENT_TARGET = 15.5;
				MARKETING_VERSION = 1.0;
				PRODUCT_BUNDLE_IDENTIFIER = com.gunza.rabitTests;
				PRODUCT_NAME = "$(TARGET_NAME)";
				SWIFT_EMIT_LOC_STRINGS = NO;
				SWIFT_VERSION = 5.0;
				TARGETED_DEVICE_FAMILY = "1,2";
				TEST_HOST = "$(BUILT_PRODUCTS_DIR)/rabit.app/rabit";
			};
			name = Release;
		};
		B569EA1F2898D4AB006FFFB9 /* Debug */ = {
			isa = XCBuildConfiguration;
			buildSettings = {
				ALWAYS_EMBED_SWIFT_STANDARD_LIBRARIES = YES;
				CODE_SIGN_STYLE = Automatic;
				CURRENT_PROJECT_VERSION = 1;
				DEVELOPMENT_TEAM = B3PWYBKFUK;
				GENERATE_INFOPLIST_FILE = YES;
				MARKETING_VERSION = 1.0;
				PRODUCT_BUNDLE_IDENTIFIER = com.gunza.rabitUITests;
				PRODUCT_NAME = "$(TARGET_NAME)";
				SWIFT_EMIT_LOC_STRINGS = NO;
				SWIFT_VERSION = 5.0;
				TARGETED_DEVICE_FAMILY = "1,2";
				TEST_TARGET_NAME = rabit;
			};
			name = Debug;
		};
		B569EA202898D4AB006FFFB9 /* Release */ = {
			isa = XCBuildConfiguration;
			buildSettings = {
				ALWAYS_EMBED_SWIFT_STANDARD_LIBRARIES = YES;
				CODE_SIGN_STYLE = Automatic;
				CURRENT_PROJECT_VERSION = 1;
				DEVELOPMENT_TEAM = B3PWYBKFUK;
				GENERATE_INFOPLIST_FILE = YES;
				MARKETING_VERSION = 1.0;
				PRODUCT_BUNDLE_IDENTIFIER = com.gunza.rabitUITests;
				PRODUCT_NAME = "$(TARGET_NAME)";
				SWIFT_EMIT_LOC_STRINGS = NO;
				SWIFT_VERSION = 5.0;
				TARGETED_DEVICE_FAMILY = "1,2";
				TEST_TARGET_NAME = rabit;
			};
			name = Release;
		};
/* End XCBuildConfiguration section */

/* Begin XCConfigurationList section */
		B569E9E92898D4A8006FFFB9 /* Build configuration list for PBXProject "rabit" */ = {
			isa = XCConfigurationList;
			buildConfigurations = (
				B569EA162898D4AB006FFFB9 /* Debug */,
				B569EA172898D4AB006FFFB9 /* Release */,
			);
			defaultConfigurationIsVisible = 0;
			defaultConfigurationName = Release;
		};
		B569EA182898D4AB006FFFB9 /* Build configuration list for PBXNativeTarget "rabit" */ = {
			isa = XCConfigurationList;
			buildConfigurations = (
				B569EA192898D4AB006FFFB9 /* Debug */,
				B569EA1A2898D4AB006FFFB9 /* Release */,
			);
			defaultConfigurationIsVisible = 0;
			defaultConfigurationName = Release;
		};
		B569EA1B2898D4AB006FFFB9 /* Build configuration list for PBXNativeTarget "rabitTests" */ = {
			isa = XCConfigurationList;
			buildConfigurations = (
				B569EA1C2898D4AB006FFFB9 /* Debug */,
				B569EA1D2898D4AB006FFFB9 /* Release */,
			);
			defaultConfigurationIsVisible = 0;
			defaultConfigurationName = Release;
		};
		B569EA1E2898D4AB006FFFB9 /* Build configuration list for PBXNativeTarget "rabitUITests" */ = {
			isa = XCConfigurationList;
			buildConfigurations = (
				B569EA1F2898D4AB006FFFB9 /* Debug */,
				B569EA202898D4AB006FFFB9 /* Release */,
			);
			defaultConfigurationIsVisible = 0;
			defaultConfigurationName = Release;
		};
/* End XCConfigurationList section */

/* Begin XCRemoteSwiftPackageReference section */
		022B7836289C05C2009003EA /* XCRemoteSwiftPackageReference "RxDataSources" */ = {
			isa = XCRemoteSwiftPackageReference;
			repositoryURL = "https://github.com/RxSwiftCommunity/RxDataSources";
			requirement = {
				kind = upToNextMajorVersion;
				minimumVersion = 5.0.0;
			};
		};
		02B7FD24289A1E3400EBA86D /* XCRemoteSwiftPackageReference "SnapKit" */ = {
			isa = XCRemoteSwiftPackageReference;
			repositoryURL = "https://github.com/SnapKit/SnapKit";
			requirement = {
				branch = develop;
				kind = branch;
			};
		};
		02B7FD27289A1EC300EBA86D /* XCRemoteSwiftPackageReference "realm-swift" */ = {
			isa = XCRemoteSwiftPackageReference;
			repositoryURL = "https://github.com/realm/realm-swift.git";
			requirement = {
				branch = master;
				kind = branch;
			};
		};
		02B7FD2A289A1EEC00EBA86D /* XCRemoteSwiftPackageReference "RxSwift" */ = {
			isa = XCRemoteSwiftPackageReference;
			repositoryURL = "https://github.com/ReactiveX/RxSwift";
			requirement = {
				kind = upToNextMajorVersion;
				minimumVersion = 6.0.0;
			};
		};
		B57D75F728B5319D00C11405 /* XCRemoteSwiftPackageReference "RxGesture" */ = {
			isa = XCRemoteSwiftPackageReference;
			repositoryURL = "https://github.com/RxSwiftCommunity/RxGesture.git";
			requirement = {
				kind = upToNextMajorVersion;
				minimumVersion = 4.0.0;
			};
		};
/* End XCRemoteSwiftPackageReference section */

/* Begin XCSwiftPackageProductDependency section */
		022B7837289C05C2009003EA /* RxDataSources */ = {
			isa = XCSwiftPackageProductDependency;
			package = 022B7836289C05C2009003EA /* XCRemoteSwiftPackageReference "RxDataSources" */;
			productName = RxDataSources;
		};
		02B7FD25289A1E3400EBA86D /* SnapKit */ = {
			isa = XCSwiftPackageProductDependency;
			package = 02B7FD24289A1E3400EBA86D /* XCRemoteSwiftPackageReference "SnapKit" */;
			productName = SnapKit;
		};
		02B7FD28289A1EC300EBA86D /* RealmSwift */ = {
			isa = XCSwiftPackageProductDependency;
			package = 02B7FD27289A1EC300EBA86D /* XCRemoteSwiftPackageReference "realm-swift" */;
			productName = RealmSwift;
		};
		02B7FD2B289A1EEC00EBA86D /* RxCocoa */ = {
			isa = XCSwiftPackageProductDependency;
			package = 02B7FD2A289A1EEC00EBA86D /* XCRemoteSwiftPackageReference "RxSwift" */;
			productName = RxCocoa;
		};
		02B7FD2D289A1EEC00EBA86D /* RxSwift */ = {
			isa = XCSwiftPackageProductDependency;
			package = 02B7FD2A289A1EEC00EBA86D /* XCRemoteSwiftPackageReference "RxSwift" */;
			productName = RxSwift;
		};
		B57D75F828B5319D00C11405 /* RxGesture */ = {
			isa = XCSwiftPackageProductDependency;
			package = B57D75F728B5319D00C11405 /* XCRemoteSwiftPackageReference "RxGesture" */;
			productName = RxGesture;
		};
/* End XCSwiftPackageProductDependency section */
	};
	rootObject = B569E9E62898D4A8006FFFB9 /* Project object */;
}
